// !$*UTF8*$!
{
	archiveVersion = 1;
	classes = {
	};
	objectVersion = 50;
	objects = {

/* Begin PBXBuildFile section */
		B914DB66214C867300628D23 /* SliderView.swift in Sources */ = {isa = PBXBuildFile; fileRef = B914DB65214C867300628D23 /* SliderView.swift */; };
		B95F0375212EFAA3003E84E8 /* AppDelegate.swift in Sources */ = {isa = PBXBuildFile; fileRef = B95F0374212EFAA3003E84E8 /* AppDelegate.swift */; };
		B95F0377212EFAA3003E84E8 /* GameScene.sks in Resources */ = {isa = PBXBuildFile; fileRef = B95F0376212EFAA3003E84E8 /* GameScene.sks */; };
		B95F0379212EFAA3003E84E8 /* Actions.sks in Resources */ = {isa = PBXBuildFile; fileRef = B95F0378212EFAA3003E84E8 /* Actions.sks */; };
		B95F037B212EFAA3003E84E8 /* GameScene.swift in Sources */ = {isa = PBXBuildFile; fileRef = B95F037A212EFAA3003E84E8 /* GameScene.swift */; };
		B95F037D212EFAA3003E84E8 /* ViewController.swift in Sources */ = {isa = PBXBuildFile; fileRef = B95F037C212EFAA3003E84E8 /* ViewController.swift */; };
		B95F037F212EFAA5003E84E8 /* Assets.xcassets in Resources */ = {isa = PBXBuildFile; fileRef = B95F037E212EFAA5003E84E8 /* Assets.xcassets */; };
		B95F0382212EFAA5003E84E8 /* Main.storyboard in Resources */ = {isa = PBXBuildFile; fileRef = B95F0380212EFAA5003E84E8 /* Main.storyboard */; };
		B95F038B212FB84C003E84E8 /* AppState.swift in Sources */ = {isa = PBXBuildFile; fileRef = B95F038A212FB84C003E84E8 /* AppState.swift */; };
/* End PBXBuildFile section */

/* Begin PBXFileReference section */
		B914DB65214C867300628D23 /* SliderView.swift */ = {isa = PBXFileReference; lastKnownFileType = sourcecode.swift; path = SliderView.swift; sourceTree = "<group>"; };
		B95F0371212EFAA3003E84E8 /* Platformer.app */ = {isa = PBXFileReference; explicitFileType = wrapper.application; includeInIndex = 0; path = Platformer.app; sourceTree = BUILT_PRODUCTS_DIR; };
		B95F0374212EFAA3003E84E8 /* AppDelegate.swift */ = {isa = PBXFileReference; lastKnownFileType = sourcecode.swift; path = AppDelegate.swift; sourceTree = "<group>"; };
		B95F0376212EFAA3003E84E8 /* GameScene.sks */ = {isa = PBXFileReference; lastKnownFileType = file.sks; path = GameScene.sks; sourceTree = "<group>"; };
		B95F0378212EFAA3003E84E8 /* Actions.sks */ = {isa = PBXFileReference; lastKnownFileType = file.sks; path = Actions.sks; sourceTree = "<group>"; };
		B95F037A212EFAA3003E84E8 /* GameScene.swift */ = {isa = PBXFileReference; lastKnownFileType = sourcecode.swift; path = GameScene.swift; sourceTree = "<group>"; };
		B95F037C212EFAA3003E84E8 /* ViewController.swift */ = {isa = PBXFileReference; lastKnownFileType = sourcecode.swift; path = ViewController.swift; sourceTree = "<group>"; };
		B95F037E212EFAA5003E84E8 /* Assets.xcassets */ = {isa = PBXFileReference; lastKnownFileType = folder.assetcatalog; path = Assets.xcassets; sourceTree = "<group>"; };
		B95F0381212EFAA5003E84E8 /* Base */ = {isa = PBXFileReference; lastKnownFileType = file.storyboard; name = Base; path = Base.lproj/Main.storyboard; sourceTree = "<group>"; };
		B95F0383212EFAA5003E84E8 /* Info.plist */ = {isa = PBXFileReference; lastKnownFileType = text.plist.xml; path = Info.plist; sourceTree = "<group>"; };
		B95F0384212EFAA5003E84E8 /* Platformer.entitlements */ = {isa = PBXFileReference; lastKnownFileType = text.plist.entitlements; path = Platformer.entitlements; sourceTree = "<group>"; };
		B95F038A212FB84C003E84E8 /* AppState.swift */ = {isa = PBXFileReference; lastKnownFileType = sourcecode.swift; path = AppState.swift; sourceTree = "<group>"; };
/* End PBXFileReference section */

/* Begin PBXFrameworksBuildPhase section */
		B95F036E212EFAA3003E84E8 /* Frameworks */ = {
			isa = PBXFrameworksBuildPhase;
			buildActionMask = 2147483647;
			files = (
			);
			runOnlyForDeploymentPostprocessing = 0;
		};
/* End PBXFrameworksBuildPhase section */

/* Begin PBXGroup section */
		B95F0368212EFAA3003E84E8 = {
			isa = PBXGroup;
			children = (
				B95F0373212EFAA3003E84E8 /* Platformer */,
				B95F0372212EFAA3003E84E8 /* Products */,
			);
			sourceTree = "<group>";
		};
		B95F0372212EFAA3003E84E8 /* Products */ = {
			isa = PBXGroup;
			children = (
				B95F0371212EFAA3003E84E8 /* Platformer.app */,
			);
			name = Products;
			sourceTree = "<group>";
		};
		B95F0373212EFAA3003E84E8 /* Platformer */ = {
			isa = PBXGroup;
			children = (
				B95F0374212EFAA3003E84E8 /* AppDelegate.swift */,
				B95F0376212EFAA3003E84E8 /* GameScene.sks */,
				B95F0378212EFAA3003E84E8 /* Actions.sks */,
				B95F037A212EFAA3003E84E8 /* GameScene.swift */,
				B95F037C212EFAA3003E84E8 /* ViewController.swift */,
				B95F038A212FB84C003E84E8 /* AppState.swift */,
				B914DB65214C867300628D23 /* SliderView.swift */,
				B95F037E212EFAA5003E84E8 /* Assets.xcassets */,
				B95F0380212EFAA5003E84E8 /* Main.storyboard */,
				B95F0383212EFAA5003E84E8 /* Info.plist */,
				B95F0384212EFAA5003E84E8 /* Platformer.entitlements */,
			);
			path = Platformer;
			sourceTree = "<group>";
		};
/* End PBXGroup section */

/* Begin PBXNativeTarget section */
		B95F0370212EFAA3003E84E8 /* Platformer */ = {
			isa = PBXNativeTarget;
			buildConfigurationList = B95F0387212EFAA5003E84E8 /* Build configuration list for PBXNativeTarget "Platformer" */;
			buildPhases = (
				B95F036D212EFAA3003E84E8 /* Sources */,
				B95F036E212EFAA3003E84E8 /* Frameworks */,
				B95F036F212EFAA3003E84E8 /* Resources */,
			);
			buildRules = (
			);
			dependencies = (
			);
			name = Platformer;
			productName = Platformer;
			productReference = B95F0371212EFAA3003E84E8 /* Platformer.app */;
			productType = "com.apple.product-type.application";
		};
/* End PBXNativeTarget section */

/* Begin PBXProject section */
		B95F0369212EFAA3003E84E8 /* Project object */ = {
			isa = PBXProject;
			attributes = {
				LastSwiftUpdateCheck = 1000;
				LastUpgradeCheck = 1000;
				ORGANIZATIONNAME = "Richard Adem";
				TargetAttributes = {
					B95F0370212EFAA3003E84E8 = {
						CreatedOnToolsVersion = 10.0;
					};
				};
			};
			buildConfigurationList = B95F036C212EFAA3003E84E8 /* Build configuration list for PBXProject "Platformer" */;
			compatibilityVersion = "Xcode 9.3";
			developmentRegion = en;
			hasScannedForEncodings = 0;
			knownRegions = (
				en,
				Base,
			);
			mainGroup = B95F0368212EFAA3003E84E8;
			productRefGroup = B95F0372212EFAA3003E84E8 /* Products */;
			projectDirPath = "";
			projectRoot = "";
			targets = (
				B95F0370212EFAA3003E84E8 /* Platformer */,
			);
		};
/* End PBXProject section */

/* Begin PBXResourcesBuildPhase section */
		B95F036F212EFAA3003E84E8 /* Resources */ = {
			isa = PBXResourcesBuildPhase;
			buildActionMask = 2147483647;
			files = (
				B95F0377212EFAA3003E84E8 /* GameScene.sks in Resources */,
				B95F037F212EFAA5003E84E8 /* Assets.xcassets in Resources */,
				B95F0379212EFAA3003E84E8 /* Actions.sks in Resources */,
				B95F0382212EFAA5003E84E8 /* Main.storyboard in Resources */,
			);
			runOnlyForDeploymentPostprocessing = 0;
		};
/* End PBXResourcesBuildPhase section */

/* Begin PBXSourcesBuildPhase section */
		B95F036D212EFAA3003E84E8 /* Sources */ = {
			isa = PBXSourcesBuildPhase;
			buildActionMask = 2147483647;
			files = (
				B95F037D212EFAA3003E84E8 /* ViewController.swift in Sources */,
				B95F037B212EFAA3003E84E8 /* GameScene.swift in Sources */,
				B95F0375212EFAA3003E84E8 /* AppDelegate.swift in Sources */,
				B95F038B212FB84C003E84E8 /* AppState.swift in Sources */,
				B914DB66214C867300628D23 /* SliderView.swift in Sources */,
			);
			runOnlyForDeploymentPostprocessing = 0;
		};
/* End PBXSourcesBuildPhase section */

/* Begin PBXVariantGroup section */
		B95F0380212EFAA5003E84E8 /* Main.storyboard */ = {
			isa = PBXVariantGroup;
			children = (
				B95F0381212EFAA5003E84E8 /* Base */,
			);
			name = Main.storyboard;
			sourceTree = "<group>";
		};
/* End PBXVariantGroup section */

/* Begin XCBuildConfiguration section */
		B95F0385212EFAA5003E84E8 /* Debug */ = {
			isa = XCBuildConfiguration;
			buildSettings = {
				ALWAYS_SEARCH_USER_PATHS = NO;
				CLANG_ANALYZER_NONNULL = YES;
				CLANG_ANALYZER_NUMBER_OBJECT_CONVERSION = YES_AGGRESSIVE;
				CLANG_CXX_LANGUAGE_STANDARD = "gnu++14";
				CLANG_CXX_LIBRARY = "libc++";
				CLANG_ENABLE_MODULES = YES;
				CLANG_ENABLE_OBJC_ARC = YES;
				CLANG_ENABLE_OBJC_WEAK = YES;
				CLANG_WARN_BLOCK_CAPTURE_AUTORELEASING = YES;
				CLANG_WARN_BOOL_CONVERSION = YES;
				CLANG_WARN_COMMA = YES;
				CLANG_WARN_CONSTANT_CONVERSION = YES;
				CLANG_WARN_DEPRECATED_OBJC_IMPLEMENTATIONS = YES;
				CLANG_WARN_DIRECT_OBJC_ISA_USAGE = YES_ERROR;
				CLANG_WARN_DOCUMENTATION_COMMENTS = YES;
				CLANG_WARN_EMPTY_BODY = YES;
				CLANG_WARN_ENUM_CONVERSION = YES;
				CLANG_WARN_INFINITE_RECURSION = YES;
				CLANG_WARN_INT_CONVERSION = YES;
				CLANG_WARN_NON_LITERAL_NULL_CONVERSION = YES;
				CLANG_WARN_OBJC_IMPLICIT_RETAIN_SELF = YES;
				CLANG_WARN_OBJC_LITERAL_CONVERSION = YES;
				CLANG_WARN_OBJC_ROOT_CLASS = YES_ERROR;
				CLANG_WARN_RANGE_LOOP_ANALYSIS = YES;
				CLANG_WARN_STRICT_PROTOTYPES = YES;
				CLANG_WARN_SUSPICIOUS_MOVE = YES;
				CLANG_WARN_UNGUARDED_AVAILABILITY = YES_AGGRESSIVE;
				CLANG_WARN_UNREACHABLE_CODE = YES;
				CLANG_WARN__DUPLICATE_METHOD_MATCH = YES;
				CODE_SIGN_IDENTITY = "Mac Developer";
				COPY_PHASE_STRIP = NO;
				DEBUG_INFORMATION_FORMAT = dwarf;
				ENABLE_STRICT_OBJC_MSGSEND = YES;
				ENABLE_TESTABILITY = YES;
				GCC_C_LANGUAGE_STANDARD = gnu11;
				GCC_DYNAMIC_NO_PIC = NO;
				GCC_NO_COMMON_BLOCKS = YES;
				GCC_OPTIMIZATION_LEVEL = 0;
				GCC_PREPROCESSOR_DEFINITIONS = (
					"DEBUG=1",
					"$(inherited)",
				);
				GCC_WARN_64_TO_32_BIT_CONVERSION = YES;
				GCC_WARN_ABOUT_RETURN_TYPE = YES_ERROR;
				GCC_WARN_UNDECLARED_SELECTOR = YES;
				GCC_WARN_UNINITIALIZED_AUTOS = YES_AGGRESSIVE;
				GCC_WARN_UNUSED_FUNCTION = YES;
				GCC_WARN_UNUSED_VARIABLE = YES;
				MACOSX_DEPLOYMENT_TARGET = 10.14;
				MTL_ENABLE_DEBUG_INFO = INCLUDE_SOURCE;
				MTL_FAST_MATH = YES;
				ONLY_ACTIVE_ARCH = YES;
				SDKROOT = macosx;
				SWIFT_ACTIVE_COMPILATION_CONDITIONS = DEBUG;
				SWIFT_OPTIMIZATION_LEVEL = "-Onone";
			};
			name = Debug;
		};
		B95F0386212EFAA5003E84E8 /* Release */ = {
			isa = XCBuildConfiguration;
			buildSettings = {
				ALWAYS_SEARCH_USER_PATHS = NO;
				CLANG_ANALYZER_NONNULL = YES;
				CLANG_ANALYZER_NUMBER_OBJECT_CONVERSION = YES_AGGRESSIVE;
				CLANG_CXX_LANGUAGE_STANDARD = "gnu++14";
				CLANG_CXX_LIBRARY = "libc++";
				CLANG_ENABLE_MODULES = YES;
				CLANG_ENABLE_OBJC_ARC = YES;
				CLANG_ENABLE_OBJC_WEAK = YES;
				CLANG_WARN_BLOCK_CAPTURE_AUTORELEASING = YES;
				CLANG_WARN_BOOL_CONVERSION = YES;
				CLANG_WARN_COMMA = YES;
				CLANG_WARN_CONSTANT_CONVERSION = YES;
				CLANG_WARN_DEPRECATED_OBJC_IMPLEMENTATIONS = YES;
				CLANG_WARN_DIRECT_OBJC_ISA_USAGE = YES_ERROR;
				CLANG_WARN_DOCUMENTATION_COMMENTS = YES;
				CLANG_WARN_EMPTY_BODY = YES;
				CLANG_WARN_ENUM_CONVERSION = YES;
				CLANG_WARN_INFINITE_RECURSION = YES;
				CLANG_WARN_INT_CONVERSION = YES;
				CLANG_WARN_NON_LITERAL_NULL_CONVERSION = YES;
				CLANG_WARN_OBJC_IMPLICIT_RETAIN_SELF = YES;
				CLANG_WARN_OBJC_LITERAL_CONVERSION = YES;
				CLANG_WARN_OBJC_ROOT_CLASS = YES_ERROR;
				CLANG_WARN_RANGE_LOOP_ANALYSIS = YES;
				CLANG_WARN_STRICT_PROTOTYPES = YES;
				CLANG_WARN_SUSPICIOUS_MOVE = YES;
				CLANG_WARN_UNGUARDED_AVAILABILITY = YES_AGGRESSIVE;
				CLANG_WARN_UNREACHABLE_CODE = YES;
				CLANG_WARN__DUPLICATE_METHOD_MATCH = YES;
				CODE_SIGN_IDENTITY = "Mac Developer";
				COPY_PHASE_STRIP = NO;
				DEBUG_INFORMATION_FORMAT = "dwarf-with-dsym";
				ENABLE_NS_ASSERTIONS = NO;
				ENABLE_STRICT_OBJC_MSGSEND = YES;
				GCC_C_LANGUAGE_STANDARD = gnu11;
				GCC_NO_COMMON_BLOCKS = YES;
				GCC_WARN_64_TO_32_BIT_CONVERSION = YES;
				GCC_WARN_ABOUT_RETURN_TYPE = YES_ERROR;
				GCC_WARN_UNDECLARED_SELECTOR = YES;
				GCC_WARN_UNINITIALIZED_AUTOS = YES_AGGRESSIVE;
				GCC_WARN_UNUSED_FUNCTION = YES;
				GCC_WARN_UNUSED_VARIABLE = YES;
				MACOSX_DEPLOYMENT_TARGET = 10.14;
				MTL_ENABLE_DEBUG_INFO = NO;
				MTL_FAST_MATH = YES;
				SDKROOT = macosx;
				SWIFT_COMPILATION_MODE = wholemodule;
				SWIFT_OPTIMIZATION_LEVEL = "-O";
			};
			name = Release;
		};
		B95F0388212EFAA5003E84E8 /* Debug */ = {
			isa = XCBuildConfiguration;
			buildSettings = {
				ASSETCATALOG_COMPILER_APPICON_NAME = AppIcon;
				CODE_SIGN_ENTITLEMENTS = Platformer/Platformer.entitlements;
				CODE_SIGN_STYLE = Automatic;
				COMBINE_HIDPI_IMAGES = YES;
				DEVELOPMENT_TEAM = KWV3LMSGNJ;
				INFOPLIST_FILE = Platformer/Info.plist;
				LD_RUNPATH_SEARCH_PATHS = (
					"$(inherited)",
					"@executable_path/../Frameworks",
				);
				PRODUCT_BUNDLE_IDENTIFIER = com.richardadem.Platformer;
				PRODUCT_NAME = "$(TARGET_NAME)";
				SWIFT_VERSION = 4.2;
			};
			name = Debug;
		};
		B95F0389212EFAA5003E84E8 /* Release */ = {
			isa = XCBuildConfiguration;
			buildSettings = {
				ASSETCATALOG_COMPILER_APPICON_NAME = AppIcon;
				CODE_SIGN_ENTITLEMENTS = Platformer/Platformer.entitlements;
				CODE_SIGN_STYLE = Automatic;
				COMBINE_HIDPI_IMAGES = YES;
				DEVELOPMENT_TEAM = KWV3LMSGNJ;
				INFOPLIST_FILE = Platformer/Info.plist;
				LD_RUNPATH_SEARCH_PATHS = (
					"$(inherited)",
					"@executable_path/../Frameworks",
				);
				PRODUCT_BUNDLE_IDENTIFIER = com.richardadem.Platformer;
				PRODUCT_NAME = "$(TARGET_NAME)";
				SWIFT_VERSION = 4.2;
			};
			name = Release;
		};
/* End XCBuildConfiguration section */

/* Begin XCConfigurationList section */
		B95F036C212EFAA3003E84E8 /* Build configuration list for PBXProject "Platformer" */ = {
			isa = XCConfigurationList;
			buildConfigurations = (
				B95F0385212EFAA5003E84E8 /* Debug */,
				B95F0386212EFAA5003E84E8 /* Release */,
			);
			defaultConfigurationIsVisible = 0;
			defaultConfigurationName = Release;
		};
		B95F0387212EFAA5003E84E8 /* Build configuration list for PBXNativeTarget "Platformer" */ = {
			isa = XCConfigurationList;
			buildConfigurations = (
				B95F0388212EFAA5003E84E8 /* Debug */,
				B95F0389212EFAA5003E84E8 /* Release */,
			);
			defaultConfigurationIsVisible = 0;
			defaultConfigurationName = Release;
		};
/* End XCConfigurationList section */
	};
	rootObject = B95F0369212EFAA3003E84E8 /* Project object */;
}
